
Microsoft Visual Studio Solution File, Format Version 12.00
# Visual Studio Version 16
VisualStudioVersion = 16.0.31229.75
MinimumVisualStudioVersion = 10.0.40219.1
Project("{FAE04EC0-301F-11D3-BF4B-00C04F79EFBC}") = "EluviumCryptoLibrary", "EluviumCryptoLibrary\EluviumCryptoLibrary.csproj", "{CF890615-72B8-41F2-8B57-E6D6EB18EA95}"
EndProject
Global
	GlobalSection(SolutionConfigurationPlatforms) = preSolution
		Debug|Any CPU = Debug|Any CPU
		Release|Any CPU = Release|Any CPU
	EndGlobalSection
	GlobalSection(ProjectConfigurationPlatforms) = postSolution
		{CF890615-72B8-41F2-8B57-E6D6EB18EA95}.Debug|Any CPU.ActiveCfg = Debug|Any CPU
		{CF890615-72B8-41F2-8B57-E6D6EB18EA95}.Debug|Any CPU.Build.0 = Debug|Any CPU
		{CF890615-72B8-41F2-8B57-E6D6EB18EA95}.Release|Any CPU.ActiveCfg = Release|Any CPU
		{CF890615-72B8-41F2-8B57-E6D6EB18EA95}.Release|Any CPU.Build.0 = Release|Any CPU
	EndGlobalSection
	GlobalSection(SolutionProperties) = preSolution
		HideSolutionNode = FALSE
	EndGlobalSection
	GlobalSection(ExtensibilityGlobals) = postSolution
		SolutionGuid = {4C083ECA-A357-41B3-BFB1-7C9F41BD08BB}
	EndGlobalSection
EndGlobal
